
Microsoft Visual Studio Solution File, Format Version 12.00
# Visual Studio 15
VisualStudioVersion = 15.0.28307.1000
MinimumVisualStudioVersion = 10.0.40219.1
Project("{FAE04EC0-301F-11D3-BF4B-00C04F79EFBC}") = "VidlyTesting", "VidlyTesting\VidlyTesting.csproj", "{9D913547-64E1-4083-94BE-129CE63CD7E4}"
EndProject
Global
	GlobalSection(SolutionConfigurationPlatforms) = preSolution
		Debug|Any CPU = Debug|Any CPU
		Release|Any CPU = Release|Any CPU
	EndGlobalSection
	GlobalSection(ProjectConfigurationPlatforms) = postSolution
		{9D913547-64E1-4083-94BE-129CE63CD7E4}.Debug|Any CPU.ActiveCfg = Debug|Any CPU
		{9D913547-64E1-4083-94BE-129CE63CD7E4}.Debug|Any CPU.Build.0 = Debug|Any CPU
		{9D913547-64E1-4083-94BE-129CE63CD7E4}.Release|Any CPU.ActiveCfg = Release|Any CPU
		{9D913547-64E1-4083-94BE-129CE63CD7E4}.Release|Any CPU.Build.0 = Release|Any CPU
	EndGlobalSection
	GlobalSection(SolutionProperties) = preSolution
		HideSolutionNode = FALSE
	EndGlobalSection
	GlobalSection(ExtensibilityGlobals) = postSolution
		SolutionGuid = {3D1E90AA-C682-4E56-A2EF-2637E7194E4F}
	EndGlobalSection
EndGlobal
